
Microsoft Visual Studio Solution File, Format Version 12.00
# Visual Studio 15
VisualStudioVersion = 15.0.27428.2005
MinimumVisualStudioVersion = 10.0.40219.1
Project("{FAE04EC0-301F-11D3-BF4B-00C04F79EFBC}") = "Console Read Line", "Console Read Line\Console Read Line.csproj", "{44320D98-C5F1-4C47-9F07-BD145C0E6912}"
EndProject
Global
	GlobalSection(SolutionConfigurationPlatforms) = preSolution
		Debug|Any CPU = Debug|Any CPU
		Release|Any CPU = Release|Any CPU
	EndGlobalSection
	GlobalSection(ProjectConfigurationPlatforms) = postSolution
		{44320D98-C5F1-4C47-9F07-BD145C0E6912}.Debug|Any CPU.ActiveCfg = Debug|Any CPU
		{44320D98-C5F1-4C47-9F07-BD145C0E6912}.Debug|Any CPU.Build.0 = Debug|Any CPU
		{44320D98-C5F1-4C47-9F07-BD145C0E6912}.Release|Any CPU.ActiveCfg = Release|Any CPU
		{44320D98-C5F1-4C47-9F07-BD145C0E6912}.Release|Any CPU.Build.0 = Release|Any CPU
	EndGlobalSection
	GlobalSection(SolutionProperties) = preSolution
		HideSolutionNode = FALSE
	EndGlobalSection
	GlobalSection(ExtensibilityGlobals) = postSolution
		SolutionGuid = {4C5DFDB3-A22F-4FCD-ACD9-35ABE7AC45C5}
	EndGlobalSection
EndGlobal
